
Microsoft Visual Studio Solution File, Format Version 12.00
# Visual Studio Version 17
VisualStudioVersion = 17.0.31919.166
MinimumVisualStudioVersion = 10.0.40219.1
Project("{FAE04EC0-301F-11D3-BF4B-00C04F79EFBC}") = "P00-Test", "P00-Test\P00-Test.csproj", "{09EFE094-2DE3-4082-8459-4723B36F0A5B}"
EndProject
Global
	GlobalSection(SolutionConfigurationPlatforms) = preSolution
		Debug|Any CPU = Debug|Any CPU
		Release|Any CPU = Release|Any CPU
	EndGlobalSection
	GlobalSection(ProjectConfigurationPlatforms) = postSolution
		{09EFE094-2DE3-4082-8459-4723B36F0A5B}.Debug|Any CPU.ActiveCfg = Debug|Any CPU
		{09EFE094-2DE3-4082-8459-4723B36F0A5B}.Debug|Any CPU.Build.0 = Debug|Any CPU
		{09EFE094-2DE3-4082-8459-4723B36F0A5B}.Release|Any CPU.ActiveCfg = Release|Any CPU
		{09EFE094-2DE3-4082-8459-4723B36F0A5B}.Release|Any CPU.Build.0 = Release|Any CPU
	EndGlobalSection
	GlobalSection(SolutionProperties) = preSolution
		HideSolutionNode = FALSE
	EndGlobalSection
	GlobalSection(ExtensibilityGlobals) = postSolution
		SolutionGuid = {40C6ABD7-0A11-4EA2-A667-E9E5474BF629}
	EndGlobalSection
EndGlobal
